
Microsoft Visual Studio Solution File, Format Version 12.00
# Visual Studio Version 17
VisualStudioVersion = 17.5.33530.505
MinimumVisualStudioVersion = 10.0.40219.1
Project("{888888A0-9F3D-457C-B088-3A5042F75D52}") = "DL", "DL\DL.pyproj", "{1568BA16-C162-4C9D-B85F-A05E7506E9AF}"
EndProject
Global
	GlobalSection(SolutionConfigurationPlatforms) = preSolution
		Debug|Any CPU = Debug|Any CPU
		Release|Any CPU = Release|Any CPU
	EndGlobalSection
	GlobalSection(ProjectConfigurationPlatforms) = postSolution
		{1568BA16-C162-4C9D-B85F-A05E7506E9AF}.Debug|Any CPU.ActiveCfg = Debug|Any CPU
		{1568BA16-C162-4C9D-B85F-A05E7506E9AF}.Release|Any CPU.ActiveCfg = Release|Any CPU
	EndGlobalSection
	GlobalSection(SolutionProperties) = preSolution
		HideSolutionNode = FALSE
	EndGlobalSection
	GlobalSection(ExtensibilityGlobals) = postSolution
		SolutionGuid = {139AAB77-5E0D-442A-8476-EF9738603C01}
	EndGlobalSection
EndGlobal
